
Microsoft Visual Studio Solution File, Format Version 12.00
# Visual Studio Version 16
VisualStudioVersion = 16.0.31424.327
MinimumVisualStudioVersion = 10.0.40219.1
Project("{FAE04EC0-301F-11D3-BF4B-00C04F79EFBC}") = "AWS_SampleDeployment", "AWS_SampleDeployment\AWS_SampleDeployment.csproj", "{FCBBC973-244A-4F94-9489-58E666379C30}"
EndProject
Global
	GlobalSection(SolutionConfigurationPlatforms) = preSolution
		Debug|Any CPU = Debug|Any CPU
		Release|Any CPU = Release|Any CPU
	EndGlobalSection
	GlobalSection(ProjectConfigurationPlatforms) = postSolution
		{FCBBC973-244A-4F94-9489-58E666379C30}.Debug|Any CPU.ActiveCfg = Debug|Any CPU
		{FCBBC973-244A-4F94-9489-58E666379C30}.Debug|Any CPU.Build.0 = Debug|Any CPU
		{FCBBC973-244A-4F94-9489-58E666379C30}.Release|Any CPU.ActiveCfg = Release|Any CPU
		{FCBBC973-244A-4F94-9489-58E666379C30}.Release|Any CPU.Build.0 = Release|Any CPU
	EndGlobalSection
	GlobalSection(SolutionProperties) = preSolution
		HideSolutionNode = FALSE
	EndGlobalSection
	GlobalSection(ExtensibilityGlobals) = postSolution
		SolutionGuid = {CAED1F3E-5FC5-4AF2-89EB-E9BEA3328DB8}
	EndGlobalSection
EndGlobal
